
Microsoft Visual Studio Solution File, Format Version 12.00
# Visual Studio 15
VisualStudioVersion = 15.0.28307.779
MinimumVisualStudioVersion = 10.0.40219.1
Project("{FAE04EC0-301F-11D3-BF4B-00C04F79EFBC}") = "lockspeed", "lockspeed\lockspeed.csproj", "{568A3544-61FC-480D-B617-D42170DA1895}"
EndProject
Project("{FAE04EC0-301F-11D3-BF4B-00C04F79EFBC}") = "ParallelExceptions", "ParallelExceptions\ParallelExceptions.csproj", "{E0F9CD27-F989-4966-83C4-172CC26D75AF}"
EndProject
Project("{FAE04EC0-301F-11D3-BF4B-00C04F79EFBC}") = "ParallelTasks", "ParallelTasks\ParallelTasks.csproj", "{96CB1121-1268-45BF-BA38-54E266CFF813}"
EndProject
Global
	GlobalSection(SolutionConfigurationPlatforms) = preSolution
		Debug|Any CPU = Debug|Any CPU
		Release|Any CPU = Release|Any CPU
	EndGlobalSection
	GlobalSection(ProjectConfigurationPlatforms) = postSolution
		{568A3544-61FC-480D-B617-D42170DA1895}.Debug|Any CPU.ActiveCfg = Debug|Any CPU
		{568A3544-61FC-480D-B617-D42170DA1895}.Debug|Any CPU.Build.0 = Debug|Any CPU
		{568A3544-61FC-480D-B617-D42170DA1895}.Release|Any CPU.ActiveCfg = Release|Any CPU
		{568A3544-61FC-480D-B617-D42170DA1895}.Release|Any CPU.Build.0 = Release|Any CPU
		{E0F9CD27-F989-4966-83C4-172CC26D75AF}.Debug|Any CPU.ActiveCfg = Debug|Any CPU
		{E0F9CD27-F989-4966-83C4-172CC26D75AF}.Debug|Any CPU.Build.0 = Debug|Any CPU
		{E0F9CD27-F989-4966-83C4-172CC26D75AF}.Release|Any CPU.ActiveCfg = Release|Any CPU
		{E0F9CD27-F989-4966-83C4-172CC26D75AF}.Release|Any CPU.Build.0 = Release|Any CPU
		{96CB1121-1268-45BF-BA38-54E266CFF813}.Debug|Any CPU.ActiveCfg = Debug|Any CPU
		{96CB1121-1268-45BF-BA38-54E266CFF813}.Debug|Any CPU.Build.0 = Debug|Any CPU
		{96CB1121-1268-45BF-BA38-54E266CFF813}.Release|Any CPU.ActiveCfg = Release|Any CPU
		{96CB1121-1268-45BF-BA38-54E266CFF813}.Release|Any CPU.Build.0 = Release|Any CPU
	EndGlobalSection
	GlobalSection(SolutionProperties) = preSolution
		HideSolutionNode = FALSE
	EndGlobalSection
	GlobalSection(ExtensibilityGlobals) = postSolution
		SolutionGuid = {1F4CB621-058D-46EC-820F-C4BB016D73ED}
	EndGlobalSection
EndGlobal
